{
  "name": "Tiny-Havn-theme",
  "lockfileVersion": 3,
  "requires": true,
  "packages": {
    "": {
      "dependencies": {
        "karabiner.ts": "^1.27.0"
      }
    },
    "node_modules/karabiner.ts": {
      "version": "1.27.0",
      "resolved": "https://registry.npmjs.org/karabiner.ts/-/karabiner.ts-1.27.0.tgz",
      "integrity": "sha512-6Oq5AICDS27+AURacOoBgyLhxdiyugLgDrbav/lJCUTHrrbW3I6eeMDm1r9L6qPdy4+hZf+4KWNgeaW8f0yXIQ=="
    }
  }
}
